
Microsoft Visual Studio Solution File, Format Version 10.00
# Visual Studio 2008
Project("{8BC9CEB8-8B4A-11D0-8D11-00A0C91BC942}") = "Risk World War", "Risk World War\Risk World War.vcproj", "{B5230279-064E-4D20-8F58-E5FF73F9FE29}"
EndProject
Global
	GlobalSection(SolutionConfigurationPlatforms) = preSolution
		Debug|Win32 = Debug|Win32
		Release|Win32 = Release|Win32
	EndGlobalSection
	GlobalSection(ProjectConfigurationPlatforms) = postSolution
		{B5230279-064E-4D20-8F58-E5FF73F9FE29}.Debug|Win32.ActiveCfg = Debug|Win32
		{B5230279-064E-4D20-8F58-E5FF73F9FE29}.Debug|Win32.Build.0 = Debug|Win32
		{B5230279-064E-4D20-8F58-E5FF73F9FE29}.Release|Win32.ActiveCfg = Release|Win32
		{B5230279-064E-4D20-8F58-E5FF73F9FE29}.Release|Win32.Build.0 = Release|Win32
	EndGlobalSection
	GlobalSection(SolutionProperties) = preSolution
		HideSolutionNode = FALSE
	EndGlobalSection
EndGlobal
